{
  "name": "@papit/root",
  "version": "0.0.0",
  "lockfileVersion": 3,
  "requires": true,
  "packages": {
    "": {
      "name": "@papit/root",
      "version": "0.0.0",
      "license": "Papit-1.0",
      "workspaces": [
        "packages/**/*"
      ]
    },
    "node_modules/@esbuild/darwin-arm64": {
      "version": "0.17.19",
      "cpu": [
        "arm64"
      ],
      "license": "MIT",
      "optional": true,
      "os": [
        "darwin"
      ],
      "engines": {
        "node": ">=12"
      }
    },
    "node_modules/@papit/asset": {
      "resolved": "packages/logicals/asset",
      "link": true
    },
    "node_modules/@papit/binary-form-element": {
      "resolved": "packages/logicals/binary-form-element",
      "link": true
    },
    "node_modules/@papit/button": {
      "resolved": "packages/atoms/button",
      "link": true
    },
    "node_modules/@papit/codeblock": {
      "resolved": "packages/molecules/codeblock",
      "link": true
    },
    "node_modules/@papit/core": {
      "resolved": "packages/system/core",
      "link": true
    },
    "node_modules/@papit/field": {
      "resolved": "packages/visuals/field",
      "link": true
    },
    "node_modules/@papit/game-circle": {
      "resolved": "packages/game/circle",
      "link": true
    },
    "node_modules/@papit/game-engine": {
      "resolved": "packages/game/engine",
      "link": true
    },
    "node_modules/@papit/game-input-events": {
      "resolved": "packages/game/input-events",
      "link": true
    },
    "node_modules/@papit/game-intersection": {
      "resolved": "packages/game/intersection",
      "link": true
    },
    "node_modules/@papit/game-line": {
      "resolved": "packages/game/line",
      "link": true
    },
    "node_modules/@papit/game-matrix": {
      "resolved": "packages/game/matrix",
      "link": true
    },
    "node_modules/@papit/game-polygon": {
      "resolved": "packages/game/polygon",
      "link": true
    },
    "node_modules/@papit/game-polygon-generator": {
      "resolved": "packages/game/polygon-generator",
      "link": true
    },
    "node_modules/@papit/game-rectangle": {
      "resolved": "packages/game/rectangle",
      "link": true
    },
    "node_modules/@papit/game-shape": {
      "resolved": "packages/game/shape",
      "link": true
    },
    "node_modules/@papit/game-vector": {
      "resolved": "packages/game/vector",
      "link": true
    },
    "node_modules/@papit/icon": {
      "resolved": "packages/atoms/icon",
      "link": true
    },
    "node_modules/@papit/page-showcase": {
      "resolved": "packages/pages/showcase",
      "link": true
    },
    "node_modules/@papit/page-theme-showcase": {
      "resolved": "packages/pages/theme-showcase",
      "link": true
    },
    "node_modules/@papit/popover": {
      "resolved": "packages/logicals/popover",
      "link": true
    },
    "node_modules/@papit/prefix-suffix": {
      "resolved": "packages/visuals/prefix-suffix",
      "link": true
    },
    "node_modules/@papit/router": {
      "resolved": "packages/logicals/router",
      "link": true
    },
    "node_modules/@papit/server": {
      "resolved": "packages/system/server",
      "link": true
    },
    "node_modules/@papit/switch": {
      "resolved": "packages/atoms/switch",
      "link": true
    },
    "node_modules/@papit/theme-core": {
      "resolved": "packages/themes/core",
      "link": true
    },
    "node_modules/@papit/translator": {
      "resolved": "packages/logicals/translator",
      "link": true
    },
    "node_modules/@papit/typography": {
      "resolved": "packages/atoms/typography",
      "link": true
    },
    "node_modules/@parcel/watcher": {
      "version": "2.5.0",
      "dev": true,
      "hasInstallScript": true,
      "license": "MIT",
      "optional": true,
      "dependencies": {
        "detect-libc": "^1.0.3",
        "is-glob": "^4.0.3",
        "micromatch": "^4.0.5",
        "node-addon-api": "^7.0.0"
      },
      "engines": {
        "node": ">= 10.0.0"
      },
      "funding": {
        "type": "opencollective",
        "url": "https://opencollective.com/parcel"
      },
      "optionalDependencies": {
        "@parcel/watcher-android-arm64": "2.5.0",
        "@parcel/watcher-darwin-arm64": "2.5.0",
        "@parcel/watcher-darwin-x64": "2.5.0",
        "@parcel/watcher-freebsd-x64": "2.5.0",
        "@parcel/watcher-linux-arm-glibc": "2.5.0",
        "@parcel/watcher-linux-arm-musl": "2.5.0",
        "@parcel/watcher-linux-arm64-glibc": "2.5.0",
        "@parcel/watcher-linux-arm64-musl": "2.5.0",
        "@parcel/watcher-linux-x64-glibc": "2.5.0",
        "@parcel/watcher-linux-x64-musl": "2.5.0",
        "@parcel/watcher-win32-arm64": "2.5.0",
        "@parcel/watcher-win32-ia32": "2.5.0",
        "@parcel/watcher-win32-x64": "2.5.0"
      }
    },
    "node_modules/@parcel/watcher-darwin-arm64": {
      "version": "2.5.0",
      "cpu": [
        "arm64"
      ],
      "dev": true,
      "license": "MIT",
      "optional": true,
      "os": [
        "darwin"
      ],
      "engines": {
        "node": ">= 10.0.0"
      },
      "funding": {
        "type": "opencollective",
        "url": "https://opencollective.com/parcel"
      }
    },
    "node_modules/@playwright/test": {
      "version": "1.49.1",
      "dev": true,
      "license": "Apache-2.0",
      "dependencies": {
        "playwright": "1.49.1"
      },
      "bin": {
        "playwright": "cli.js"
      },
      "engines": {
        "node": ">=18"
      }
    },
    "node_modules/@types/node": {
      "version": "22.10.5",
      "dev": true,
      "license": "MIT",
      "dependencies": {
        "undici-types": "~6.20.0"
      }
    },
    "node_modules/anymatch": {
      "version": "3.1.3",
      "license": "ISC",
      "dependencies": {
        "normalize-path": "^3.0.0",
        "picomatch": "^2.0.4"
      },
      "engines": {
        "node": ">= 8"
      }
    },
    "node_modules/binary-extensions": {
      "version": "2.3.0",
      "license": "MIT",
      "engines": {
        "node": ">=8"
      },
      "funding": {
        "url": "https://github.com/sponsors/sindresorhus"
      }
    },
    "node_modules/boolbase": {
      "version": "1.0.0",
      "license": "ISC"
    },
    "node_modules/braces": {
      "version": "3.0.3",
      "license": "MIT",
      "dependencies": {
        "fill-range": "^7.1.1"
      },
      "engines": {
        "node": ">=8"
      }
    },
    "node_modules/chokidar": {
      "version": "3.6.0",
      "license": "MIT",
      "dependencies": {
        "anymatch": "~3.1.2",
        "braces": "~3.0.2",
        "glob-parent": "~5.1.2",
        "is-binary-path": "~2.1.0",
        "is-glob": "~4.0.1",
        "normalize-path": "~3.0.0",
        "readdirp": "~3.6.0"
      },
      "engines": {
        "node": ">= 8.10.0"
      },
      "funding": {
        "url": "https://paulmillr.com/funding/"
      },
      "optionalDependencies": {
        "fsevents": "~2.3.2"
      }
    },
    "node_modules/css-select": {
      "version": "5.1.0",
      "license": "BSD-2-Clause",
      "dependencies": {
        "boolbase": "^1.0.0",
        "css-what": "^6.1.0",
        "domhandler": "^5.0.2",
        "domutils": "^3.0.1",
        "nth-check": "^2.0.1"
      },
      "funding": {
        "url": "https://github.com/sponsors/fb55"
      }
    },
    "node_modules/css-what": {
      "version": "6.1.0",
      "license": "BSD-2-Clause",
      "engines": {
        "node": ">= 6"
      },
      "funding": {
        "url": "https://github.com/sponsors/fb55"
      }
    },
    "node_modules/detect-libc": {
      "version": "1.0.3",
      "dev": true,
      "license": "Apache-2.0",
      "optional": true,
      "bin": {
        "detect-libc": "bin/detect-libc.js"
      },
      "engines": {
        "node": ">=0.10"
      }
    },
    "node_modules/dom-serializer": {
      "version": "2.0.0",
      "license": "MIT",
      "dependencies": {
        "domelementtype": "^2.3.0",
        "domhandler": "^5.0.2",
        "entities": "^4.2.0"
      },
      "funding": {
        "url": "https://github.com/cheeriojs/dom-serializer?sponsor=1"
      }
    },
    "node_modules/domelementtype": {
      "version": "2.3.0",
      "funding": [
        {
          "type": "github",
          "url": "https://github.com/sponsors/fb55"
        }
      ],
      "license": "BSD-2-Clause"
    },
    "node_modules/domhandler": {
      "version": "5.0.3",
      "license": "BSD-2-Clause",
      "dependencies": {
        "domelementtype": "^2.3.0"
      },
      "engines": {
        "node": ">= 4"
      },
      "funding": {
        "url": "https://github.com/fb55/domhandler?sponsor=1"
      }
    },
    "node_modules/domutils": {
      "version": "3.2.1",
      "license": "BSD-2-Clause",
      "dependencies": {
        "dom-serializer": "^2.0.0",
        "domelementtype": "^2.3.0",
        "domhandler": "^5.0.3"
      },
      "funding": {
        "url": "https://github.com/fb55/domutils?sponsor=1"
      }
    },
    "node_modules/entities": {
      "version": "4.5.0",
      "license": "BSD-2-Clause",
      "engines": {
        "node": ">=0.12"
      },
      "funding": {
        "url": "https://github.com/fb55/entities?sponsor=1"
      }
    },
    "node_modules/esbuild": {
      "version": "0.17.19",
      "hasInstallScript": true,
      "license": "MIT",
      "bin": {
        "esbuild": "bin/esbuild"
      },
      "engines": {
        "node": ">=12"
      },
      "optionalDependencies": {
        "@esbuild/android-arm": "0.17.19",
        "@esbuild/android-arm64": "0.17.19",
        "@esbuild/android-x64": "0.17.19",
        "@esbuild/darwin-arm64": "0.17.19",
        "@esbuild/darwin-x64": "0.17.19",
        "@esbuild/freebsd-arm64": "0.17.19",
        "@esbuild/freebsd-x64": "0.17.19",
        "@esbuild/linux-arm": "0.17.19",
        "@esbuild/linux-arm64": "0.17.19",
        "@esbuild/linux-ia32": "0.17.19",
        "@esbuild/linux-loong64": "0.17.19",
        "@esbuild/linux-mips64el": "0.17.19",
        "@esbuild/linux-ppc64": "0.17.19",
        "@esbuild/linux-riscv64": "0.17.19",
        "@esbuild/linux-s390x": "0.17.19",
        "@esbuild/linux-x64": "0.17.19",
        "@esbuild/netbsd-x64": "0.17.19",
        "@esbuild/openbsd-x64": "0.17.19",
        "@esbuild/sunos-x64": "0.17.19",
        "@esbuild/win32-arm64": "0.17.19",
        "@esbuild/win32-ia32": "0.17.19",
        "@esbuild/win32-x64": "0.17.19"
      }
    },
    "node_modules/fill-range": {
      "version": "7.1.1",
      "license": "MIT",
      "dependencies": {
        "to-regex-range": "^5.0.1"
      },
      "engines": {
        "node": ">=8"
      }
    },
    "node_modules/fsevents": {
      "version": "2.3.3",
      "license": "MIT",
      "optional": true,
      "os": [
        "darwin"
      ],
      "engines": {
        "node": "^8.16.0 || ^10.6.0 || >=11.0.0"
      }
    },
    "node_modules/glob-parent": {
      "version": "5.1.2",
      "license": "ISC",
      "dependencies": {
        "is-glob": "^4.0.1"
      },
      "engines": {
        "node": ">= 6"
      }
    },
    "node_modules/he": {
      "version": "1.2.0",
      "license": "MIT",
      "bin": {
        "he": "bin/he"
      }
    },
    "node_modules/immutable": {
      "version": "5.0.3",
      "dev": true,
      "license": "MIT"
    },
    "node_modules/is-binary-path": {
      "version": "2.1.0",
      "license": "MIT",
      "dependencies": {
        "binary-extensions": "^2.0.0"
      },
      "engines": {
        "node": ">=8"
      }
    },
    "node_modules/is-extglob": {
      "version": "2.1.1",
      "license": "MIT",
      "engines": {
        "node": ">=0.10.0"
      }
    },
    "node_modules/is-glob": {
      "version": "4.0.3",
      "license": "MIT",
      "dependencies": {
        "is-extglob": "^2.1.1"
      },
      "engines": {
        "node": ">=0.10.0"
      }
    },
    "node_modules/is-number": {
      "version": "7.0.0",
      "license": "MIT",
      "engines": {
        "node": ">=0.12.0"
      }
    },
    "node_modules/micromatch": {
      "version": "4.0.8",
      "dev": true,
      "license": "MIT",
      "optional": true,
      "dependencies": {
        "braces": "^3.0.3",
        "picomatch": "^2.3.1"
      },
      "engines": {
        "node": ">=8.6"
      }
    },
    "node_modules/node-addon-api": {
      "version": "7.1.1",
      "dev": true,
      "license": "MIT",
      "optional": true
    },
    "node_modules/node-html-parser": {
      "version": "6.1.13",
      "license": "MIT",
      "dependencies": {
        "css-select": "^5.1.0",
        "he": "1.2.0"
      }
    },
    "node_modules/normalize-path": {
      "version": "3.0.0",
      "license": "MIT",
      "engines": {
        "node": ">=0.10.0"
      }
    },
    "node_modules/nth-check": {
      "version": "2.1.1",
      "license": "BSD-2-Clause",
      "dependencies": {
        "boolbase": "^1.0.0"
      },
      "funding": {
        "url": "https://github.com/fb55/nth-check?sponsor=1"
      }
    },
    "node_modules/picomatch": {
      "version": "2.3.1",
      "license": "MIT",
      "engines": {
        "node": ">=8.6"
      },
      "funding": {
        "url": "https://github.com/sponsors/jonschlinkert"
      }
    },
    "node_modules/playwright": {
      "version": "1.49.1",
      "dev": true,
      "license": "Apache-2.0",
      "dependencies": {
        "playwright-core": "1.49.1"
      },
      "bin": {
        "playwright": "cli.js"
      },
      "engines": {
        "node": ">=18"
      },
      "optionalDependencies": {
        "fsevents": "2.3.2"
      }
    },
    "node_modules/playwright-core": {
      "version": "1.49.1",
      "dev": true,
      "license": "Apache-2.0",
      "bin": {
        "playwright-core": "cli.js"
      },
      "engines": {
        "node": ">=18"
      }
    },
    "node_modules/playwright/node_modules/fsevents": {
      "version": "2.3.2",
      "dev": true,
      "license": "MIT",
      "optional": true,
      "os": [
        "darwin"
      ],
      "engines": {
        "node": "^8.16.0 || ^10.6.0 || >=11.0.0"
      }
    },
    "node_modules/readdirp": {
      "version": "3.6.0",
      "license": "MIT",
      "dependencies": {
        "picomatch": "^2.2.1"
      },
      "engines": {
        "node": ">=8.10.0"
      }
    },
    "node_modules/sass": {
      "version": "1.83.1",
      "dev": true,
      "license": "MIT",
      "dependencies": {
        "chokidar": "^4.0.0",
        "immutable": "^5.0.2",
        "source-map-js": ">=0.6.2 <2.0.0"
      },
      "bin": {
        "sass": "sass.js"
      },
      "engines": {
        "node": ">=14.0.0"
      },
      "optionalDependencies": {
        "@parcel/watcher": "^2.4.1"
      }
    },
    "node_modules/sass/node_modules/chokidar": {
      "version": "4.0.3",
      "dev": true,
      "license": "MIT",
      "dependencies": {
        "readdirp": "^4.0.1"
      },
      "engines": {
        "node": ">= 14.16.0"
      },
      "funding": {
        "url": "https://paulmillr.com/funding/"
      }
    },
    "node_modules/sass/node_modules/readdirp": {
      "version": "4.0.2",
      "dev": true,
      "license": "MIT",
      "engines": {
        "node": ">= 14.16.0"
      },
      "funding": {
        "type": "individual",
        "url": "https://paulmillr.com/funding/"
      }
    },
    "node_modules/source-map-js": {
      "version": "1.2.1",
      "dev": true,
      "license": "BSD-3-Clause",
      "engines": {
        "node": ">=0.10.0"
      }
    },
    "node_modules/to-regex-range": {
      "version": "5.0.1",
      "license": "MIT",
      "dependencies": {
        "is-number": "^7.0.0"
      },
      "engines": {
        "node": ">=8.0"
      }
    },
    "node_modules/tslib": {
      "version": "2.8.1",
      "license": "0BSD"
    },
    "node_modules/typescript": {
      "version": "5.7.2",
      "dev": true,
      "license": "Apache-2.0",
      "bin": {
        "tsc": "bin/tsc",
        "tsserver": "bin/tsserver"
      },
      "engines": {
        "node": ">=14.17"
      }
    },
    "node_modules/undici-types": {
      "version": "6.20.0",
      "dev": true,
      "license": "MIT"
    },
    "packages/atoms/button": {
      "name": "@papit/button",
      "version": "0.0.2",
      "dependencies": {
        "@papit/core": "0.0.2",
        "@papit/prefix-suffix": "0.0.1",
        "tslib": "^2.5.0"
      },
      "devDependencies": {
        "@papit/codeblock": "^0.0.0",
        "@playwright/test": "^1.45.3",
        "@types/node": "^22.10.2",
        "chokidar": "^3.6.0",
        "esbuild": "^0.17.18",
        "node-html-parser": "^6.1.11",
        "playwright": "^1.45.3",
        "sass": "^1.70.0",
        "typescript": "^5.7.2"
      }
    },
    "packages/atoms/icon": {
      "name": "@papit/icon",
      "version": "0.0.3",
      "dependencies": {
        "@papit/asset": "0.0.3",
        "@papit/core": "0.0.2",
        "tslib": "^2.5.0"
      },
      "devDependencies": {
        "@papit/codeblock": "^0.0.0",
        "@playwright/test": "^1.45.3",
        "@types/node": "^22.10.2",
        "chokidar": "^3.6.0",
        "esbuild": "^0.17.18",
        "node-html-parser": "^6.1.5",
        "playwright": "^1.45.3",
        "sass": "^1.70.0",
        "typescript": "^5.7.2"
      }
    },
    "packages/atoms/switch": {
      "name": "@papit/switch",
      "version": "0.0.0",
      "dependencies": {
        "@papit/binary-form-element": "^0.0.0",
        "@papit/core": "0.0.2",
        "tslib": "^2.5.0"
      },
      "devDependencies": {
        "@papit/codeblock": "^0.0.0",
        "@papit/icon": "0.0.3",
        "@papit/translator": "0.0.1",
        "@papit/typography": "^0.0.2",
        "@playwright/test": "^1.45.3",
        "@types/node": "^22.10.2",
        "chokidar": "^3.6.0",
        "esbuild": "^0.17.18",
        "node-html-parser": "^6.1.11",
        "playwright": "^1.45.3",
        "sass": "^1.70.0",
        "typescript": "^5.7.2"
      }
    },
    "packages/atoms/typography": {
      "name": "@papit/typography",
      "version": "0.0.2",
      "dependencies": {
        "@papit/core": "0.0.2",
        "tslib": "^2.5.0"
      },
      "devDependencies": {
        "@papit/codeblock": "^0.0.0",
        "@papit/translator": "0.0.1",
        "@playwright/test": "^1.45.3",
        "@types/node": "^22.10.2",
        "chokidar": "^3.6.0",
        "esbuild": "^0.17.18",
        "node-html-parser": "^6.1.11",
        "playwright": "^1.45.3",
        "sass": "^1.70.0",
        "typescript": "^5.7.2"
      }
    },
    "packages/game/circle": {
      "name": "@papit/game-circle",
      "version": "0.0.0",
      "dependencies": {
        "@papit/game-shape": "*"
      },
      "devDependencies": {
        "@papit/codeblock": "^0.0.0",
        "@papit/game-engine": "0.0.4",
        "@papit/game-input-events": "0.0.5",
        "esbuild": "^0.17.18",
        "node-html-parser": "^6.1.11",
        "typescript": "^5.7.2"
      }
    },
    "packages/game/engine": {
      "name": "@papit/game-engine",
      "version": "0.0.4",
      "devDependencies": {
        "@papit/codeblock": "^0.0.0",
        "@papit/game-input-events": "0.0.5",
        "chokidar": "^3.6.0",
        "esbuild": "^0.17.18",
        "node-html-parser": "^6.1.11",
        "typescript": "^5.7.2"
      }
    },
    "packages/game/input-events": {
      "name": "@papit/game-input-events",
      "version": "0.0.5",
      "dependencies": {
        "@papit/game-engine": "0.0.4",
        "@papit/game-vector": "0.0.1"
      },
      "devDependencies": {
        "@papit/codeblock": "^0.0.0",
        "@types/node": "^22.10.2",
        "chokidar": "^3.6.0",
        "esbuild": "^0.17.18",
        "node-html-parser": "^6.1.11",
        "typescript": "^5.7.2"
      }
    },
    "packages/game/intersection": {
      "name": "@papit/game-intersection",
      "version": "0.0.1",
      "dependencies": {
        "@papit/game-shape": "*",
        "@papit/game-vector": "0.0.1"
      },
      "devDependencies": {
        "@papit/codeblock": "^0.0.0",
        "@papit/game-circle": "^0.0.0",
        "@papit/game-engine": "0.0.4",
        "@papit/game-input-events": "0.0.5",
        "@papit/game-line": "^0.0.0",
        "@papit/game-rectangle": "0.0.1",
        "chokidar": "^3.6.0",
        "esbuild": "^0.17.18",
        "node-html-parser": "^6.1.11",
        "typescript": "^5.7.2"
      }
    },
    "packages/game/line": {
      "name": "@papit/game-line",
      "version": "0.0.0",
      "devDependencies": {
        "@papit/codeblock": "^0.0.0",
        "@papit/game-engine": "0.0.4",
        "@papit/game-input-events": "0.0.5",
        "@papit/game-vector": "0.0.1",
        "chokidar": "^3.6.0",
        "esbuild": "^0.17.18",
        "node-html-parser": "^6.1.11",
        "typescript": "^5.7.2"
      }
    },
    "packages/game/matrix": {
      "name": "@papit/game-matrix",
      "version": "0.0.0",
      "devDependencies": {
        "@papit/codeblock": "^*",
        "@papit/game-engine": "^*",
        "@papit/game-input-events": "^*",
        "@papit/game-vector": "^0.0.1",
        "chokidar": "^3.6.0",
        "esbuild": "^0.17.18",
        "node-html-parser": "^6.1.11",
        "typescript": "^5.7.2"
      }
    },
    "packages/game/polygon": {
      "name": "@papit/game-polygon",
      "version": "0.0.1",
      "dependencies": {
        "@papit/game-intersection": "0.0.1",
        "@papit/game-shape": "^0.0.0",
        "@papit/game-vector": "0.0.1"
      },
      "devDependencies": {
        "@papit/codeblock": "^0.0.0",
        "@papit/game-engine": "0.0.4",
        "@papit/game-input-events": "0.0.5",
        "chokidar": "^3.6.0",
        "esbuild": "^0.17.18",
        "node-html-parser": "^6.1.11",
        "typescript": "^5.7.2"
      }
    },
    "packages/game/polygon-generator": {
      "name": "@papit/game-polygon-generator",
      "version": "0.0.1",
      "dependencies": {
        "@papit/game-intersection": "0.0.1",
        "@papit/game-polygon": "0.0.1",
        "@papit/game-shape": "^0.0.0",
        "@papit/game-vector": "0.0.1"
      },
      "devDependencies": {
        "@papit/codeblock": "^0.0.0",
        "@papit/game-engine": "0.0.4",
        "@papit/game-input-events": "0.0.5",
        "@playwright/test": "^1.45.3",
        "chokidar": "^3.6.0",
        "esbuild": "^0.17.18",
        "node-html-parser": "^6.1.11",
        "typescript": "^5.7.2"
      }
    },
    "packages/game/rectangle": {
      "name": "@papit/game-rectangle",
      "version": "0.0.1",
      "dependencies": {
        "@papit/game-vector": "0.0.1"
      },
      "devDependencies": {
        "@papit/codeblock": "^0.0.0",
        "@papit/game-engine": "0.0.4",
        "@papit/game-input-events": "0.0.5",
        "esbuild": "^0.17.18",
        "node-html-parser": "^6.1.11",
        "typescript": "^5.7.2"
      }
    },
    "packages/game/shape": {
      "name": "@papit/game-shape",
      "version": "0.0.0",
      "devDependencies": {
        "@papit/codeblock": "^0.0.0",
        "@papit/game-engine": "0.0.4",
        "@papit/game-input-events": "0.0.5",
        "@papit/game-vector": "0.0.1",
        "chokidar": "^3.6.0",
        "esbuild": "^0.17.18",
        "node-html-parser": "^6.1.11",
        "typescript": "^5.7.2"
      }
    },
    "packages/game/vector": {
      "name": "@papit/game-vector",
      "version": "0.0.1",
      "devDependencies": {
        "@papit/codeblock": "^0.0.0",
        "@papit/game-engine": "0.0.4",
        "@papit/game-input-events": "0.0.5",
        "chokidar": "^3.6.0",
        "esbuild": "^0.17.18",
        "node-html-parser": "^6.1.11",
        "typescript": "^5.7.2"
      }
    },
    "packages/logicals/asset": {
      "name": "@papit/asset",
      "version": "0.0.3",
      "dependencies": {
        "@papit/core": "0.0.2",
        "tslib": "^2.5.0"
      },
      "devDependencies": {
        "@papit/codeblock": "^0.0.0",
        "@playwright/test": "^1.45.3",
        "@types/node": "^22.10.2",
        "chokidar": "^3.6.0",
        "esbuild": "^0.17.18",
        "node-html-parser": "^6.1.5",
        "playwright": "^1.45.3",
        "sass": "^1.70.0",
        "typescript": "^5.7.2"
      }
    },
    "packages/logicals/binary-form-element": {
      "name": "@papit/binary-form-element",
      "version": "0.0.0",
      "dependencies": {
        "@papit/core": "0.0.2",
        "tslib": "^2.5.0"
      },
      "devDependencies": {
        "@papit/codeblock": "^0.0.0",
        "@papit/translator": "0.0.1",
        "@playwright/test": "^1.45.3",
        "@types/node": "^22.10.2",
        "chokidar": "^3.6.0",
        "esbuild": "^0.17.18",
        "node-html-parser": "^6.1.11",
        "playwright": "^1.45.3",
        "sass": "^1.70.0",
        "typescript": "^5.7.2"
      }
    },
    "packages/logicals/popover": {
      "name": "@papit/popover",
      "version": "0.0.0",
      "license": "Papit-1.0",
      "dependencies": {
        "@papit/core": "^*",
        "tslib": "^2.5.0"
      },
      "devDependencies": {
        "@papit/button": "^0.0.2",
        "@papit/codeblock": "^*",
        "@papit/translator": "^*",
        "@playwright/test": "^1.45.3",
        "@types/node": "^22.10.2",
        "chokidar": "^3.6.0",
        "esbuild": "^0.17.18",
        "node-html-parser": "^6.1.11",
        "playwright": "^1.45.3",
        "sass": "^1.70.0",
        "typescript": "^5.7.2"
      }
    },
    "packages/logicals/router": {
      "name": "@papit/router",
      "version": "0.0.1",
      "dependencies": {
        "@papit/core": "0.0.2",
        "tslib": "^2.5.0"
      },
      "devDependencies": {
        "@papit/codeblock": "^0.0.0",
        "@playwright/test": "^1.45.3",
        "@types/node": "^22.10.2",
        "chokidar": "^3.6.0",
        "esbuild": "^0.17.18",
        "node-html-parser": "^6.1.11",
        "playwright": "^1.45.3",
        "sass": "^1.70.0",
        "typescript": "^5.7.2"
      }
    },
    "packages/logicals/translator": {
      "name": "@papit/translator",
      "version": "0.0.1",
      "dependencies": {
        "@papit/core": "0.0.2",
        "tslib": "^2.5.0"
      },
      "devDependencies": {
        "@papit/codeblock": "^0.0.0",
        "@playwright/test": "^1.45.3",
        "@types/node": "^22.10.2",
        "chokidar": "^3.6.0",
        "esbuild": "^0.17.18",
        "node-html-parser": "^6.1.11",
        "playwright": "^1.45.3",
        "sass": "^1.70.0",
        "typescript": "^5.7.2"
      }
    },
    "packages/molecules/codeblock": {
      "name": "@papit/codeblock",
      "version": "0.0.0",
      "license": "Papit-1.0",
      "dependencies": {
        "@papit/button": "^0.0.2",
        "@papit/core": "^*",
        "@papit/icon": "^0.0.3",
        "@papit/switch": "^0.0.0",
        "@papit/typography": "^0.0.2",
        "tslib": "^2.5.0"
      },
      "devDependencies": {
        "@papit/translator": "^*",
        "@playwright/test": "^1.45.3",
        "@types/node": "^22.10.2",
        "chokidar": "^3.6.0",
        "esbuild": "^0.17.18",
        "node-html-parser": "^6.1.11",
        "playwright": "^1.45.3",
        "sass": "^1.70.0",
        "typescript": "^5.7.2"
      }
    },
    "packages/pages/showcase": {
      "name": "@papit/page-showcase",
      "version": "0.0.1",
      "dependencies": {
        "@papit/core": "0.0.2",
        "@papit/router": "0.0.1",
        "tslib": "^2.5.0"
      },
      "devDependencies": {
        "@papit/codeblock": "^0.0.0",
        "@playwright/test": "^1.45.3",
        "@types/node": "^22.10.2",
        "chokidar": "^3.6.0",
        "esbuild": "^0.17.18",
        "node-html-parser": "^6.1.11",
        "playwright": "^1.45.3",
        "sass": "^1.70.0",
        "typescript": "^5.7.2"
      }
    },
    "packages/pages/theme-showcase": {
      "name": "@papit/page-theme-showcase",
      "version": "0.0.1",
      "dependencies": {
        "@papit/core": "0.0.2",
        "tslib": "^2.5.0"
      },
      "devDependencies": {
        "@papit/codeblock": "^0.0.0",
        "@playwright/test": "^1.45.3",
        "@types/node": "^22.10.2",
        "chokidar": "^3.6.0",
        "esbuild": "^0.17.18",
        "node-html-parser": "^6.1.11",
        "playwright": "^1.45.3",
        "sass": "^1.70.0",
        "typescript": "^5.7.2"
      }
    },
    "packages/system/core": {
      "name": "@papit/core",
      "version": "0.0.2",
      "dependencies": {
        "tslib": "^2.5.0"
      },
      "devDependencies": {
        "@papit/codeblock": "^0.0.0",
        "@types/node": "^22.10.2",
        "chokidar": "^3.6.0",
        "esbuild": "^0.17.18",
        "node-html-parser": "^6.1.5",
        "sass": "^1.70.0",
        "typescript": "^5.7.2"
      }
    },
    "packages/system/server": {
      "name": "@papit/server",
      "version": "0.0.27",
      "dependencies": {
        "chokidar": "^3.6.0",
        "esbuild": "^0.17.18",
        "node-html-parser": "^6.1.5"
      },
      "bin": {
        "server": "bin/cli.sh"
      },
      "devDependencies": {
        "@types/node": "^22.10.2",
        "sass": "^1.70.0",
        "typescript": "^5.7.2"
      }
    },
    "packages/themes/core": {
      "name": "@papit/theme-core",
      "version": "0.0.2",
      "devDependencies": {
        "@papit/codeblock": "^0.0.0",
        "@playwright/test": "^1.45.3",
        "@types/node": "^22.10.2",
        "node-html-parser": "^6.1.5",
        "playwright": "^1.45.3",
        "sass": "^1.70.0",
        "typescript": "^5.7.2"
      }
    },
    "packages/visuals/field": {
      "name": "@papit/field",
      "version": "0.0.1",
      "dependencies": {
        "@papit/core": "0.0.2",
        "@papit/icon": "0.0.3",
        "@papit/prefix-suffix": "0.0.1",
        "@papit/typography": "0.0.2",
        "tslib": "^2.5.0"
      },
      "devDependencies": {
        "@papit/codeblock": "^0.0.0",
        "@papit/translator": "0.0.1",
        "@playwright/test": "^1.45.3",
        "@types/node": "^22.10.2",
        "chokidar": "^3.6.0",
        "esbuild": "^0.17.18",
        "node-html-parser": "^6.1.11",
        "playwright": "^1.45.3",
        "sass": "^1.70.0",
        "typescript": "^5.7.2"
      }
    },
    "packages/visuals/prefix-suffix": {
      "name": "@papit/prefix-suffix",
      "version": "0.0.1",
      "dependencies": {
        "@papit/core": "0.0.2",
        "tslib": "^2.5.0"
      },
      "devDependencies": {
        "@papit/codeblock": "^0.0.0",
        "@playwright/test": "^1.45.3",
        "@types/node": "^22.10.2",
        "chokidar": "^3.6.0",
        "esbuild": "^0.17.18",
        "node-html-parser": "^6.1.11",
        "playwright": "^1.45.3",
        "sass": "^1.70.0",
        "typescript": "^5.7.2"
      }
    }
  }
}
